{
  "name": "ti-5098",
  "lockfileVersion": 3,
  "requires": true,
  "packages": {
    "": {
      "name": "ti-5098",
      "workspaces": [
        "apps/*"
      ],
      "devDependencies": {}
    },
    "apps/docs": {},
    "apps/web": {
      "version": "1.0.0",
      "extraneous": true,
      "dependencies": {
        "next": "^13.4.1",
        "react": "^18.2.0",
        "react-dom": "^18.2.0",
        "ui": "*"
      },
      "devDependencies": {
        "@types/node": "^17.0.12",
        "@types/react": "^18.0.22",
        "@types/react-dom": "^18.0.7",
        "eslint-config-custom": "*",
        "tsconfig": "*",
        "typescript": "^4.5.3"
      }
    },
    "node_modules/docs": {
      "resolved": "apps/docs",
      "link": true
    },
    "packages/eslint-config-custom": {
      "version": "0.0.0",
      "extraneous": true,
      "license": "MIT",
      "dependencies": {
        "eslint-config-next": "^13.4.1",
        "eslint-config-prettier": "^8.3.0",
        "eslint-config-turbo": "^1.9.3",
        "eslint-plugin-react": "7.28.0"
      }
    },
    "packages/tsconfig": {
      "version": "0.0.0",
      "extraneous": true,
      "license": "MIT"
    },
    "packages/ui": {
      "version": "0.0.0",
      "extraneous": true,
      "license": "MIT",
      "devDependencies": {
        "@types/react": "^18.2.0",
        "@types/react-dom": "^18.2.0",
        "eslint": "^7.32.0",
        "eslint-config-custom": "*",
        "react": "^17.0.2",
        "tsconfig": "*",
        "typescript": "^4.5.2"
      }
    }
  }
}
