{
  "name": "ti-5098",
  "lockfileVersion": 3,
  "requires": true,
  "packages": {
    "": {
      "name": "ti-5098",
      "workspaces": [
        "apps/*"
      ],
      "devDependencies": {}
    },
    "apps/docs": {},
    "node_modules/docs": {
      "resolved": "apps/docs",
      "link": true
    }
  }
}
